
Microsoft Visual Studio Solution File, Format Version 12.00
# Visual Studio Version 17
VisualStudioVersion = 17.6.33723.286
MinimumVisualStudioVersion = 10.0.40219.1
Project("{9A19103F-16F7-4668-BE54-9A1E7A4F7556}") = "0.Asynchonous_And_Parallel_Programming", "0.Asynchonous_And_Parallel_Programming\0.Asynchonous_And_Parallel_Programming.csproj", "{614742AB-AEAD-40CE-A3E8-C0E904AC5D33}"
EndProject
Project("{FAE04EC0-301F-11D3-BF4B-00C04F79EFBC}") = "1.DataAccessInCSharp10", "1.DataAccessInCSharp10\1.DataAccessInCSharp10.csproj", "{BADEB9EF-1835-40EE-9F12-39A0B3F8B106}"
EndProject
Global
	GlobalSection(SolutionConfigurationPlatforms) = preSolution
		Debug|Any CPU = Debug|Any CPU
		Release|Any CPU = Release|Any CPU
	EndGlobalSection
	GlobalSection(ProjectConfigurationPlatforms) = postSolution
		{614742AB-AEAD-40CE-A3E8-C0E904AC5D33}.Debug|Any CPU.ActiveCfg = Debug|Any CPU
		{614742AB-AEAD-40CE-A3E8-C0E904AC5D33}.Debug|Any CPU.Build.0 = Debug|Any CPU
		{614742AB-AEAD-40CE-A3E8-C0E904AC5D33}.Release|Any CPU.ActiveCfg = Release|Any CPU
		{614742AB-AEAD-40CE-A3E8-C0E904AC5D33}.Release|Any CPU.Build.0 = Release|Any CPU
		{BADEB9EF-1835-40EE-9F12-39A0B3F8B106}.Debug|Any CPU.ActiveCfg = Debug|Any CPU
		{BADEB9EF-1835-40EE-9F12-39A0B3F8B106}.Debug|Any CPU.Build.0 = Debug|Any CPU
		{BADEB9EF-1835-40EE-9F12-39A0B3F8B106}.Release|Any CPU.ActiveCfg = Release|Any CPU
		{BADEB9EF-1835-40EE-9F12-39A0B3F8B106}.Release|Any CPU.Build.0 = Release|Any CPU
	EndGlobalSection
	GlobalSection(SolutionProperties) = preSolution
		HideSolutionNode = FALSE
	EndGlobalSection
	GlobalSection(ExtensibilityGlobals) = postSolution
		SolutionGuid = {87873384-5366-4395-939B-58663BB06E2E}
	EndGlobalSection
EndGlobal
